
Microsoft Visual Studio Solution File, Format Version 12.00
# Visual Studio Version 17
VisualStudioVersion = 17.0.31521.260
MinimumVisualStudioVersion = 10.0.40219.1
Project("{9A19103F-16F7-4668-BE54-9A1E7A4F7556}") = "gof_visitor", "gof_visitor\gof_visitor.csproj", "{65C6BECB-A1F9-4390-B8A0-679C4DDEAAC8}"
EndProject
Project("{FAE04EC0-301F-11D3-BF4B-00C04F79EFBC}") = "gof_template", "gof_template\gof_template.csproj", "{2A7023FA-A4D4-406F-BEB5-4AE492086431}"
EndProject
Project("{FAE04EC0-301F-11D3-BF4B-00C04F79EFBC}") = "gof_chainOfResponisiblity", "gof_chainOfResponisiblity\gof_chainOfResponisiblity.csproj", "{95E3EE97-1E86-4E00-99B6-D47E093C8D9D}"
EndProject
Project("{FAE04EC0-301F-11D3-BF4B-00C04F79EFBC}") = "gof_command", "gof_command\gof_command.csproj", "{A13C0D10-62B2-4B0B-8D6A-23FC38B49EC5}"
EndProject
Project("{FAE04EC0-301F-11D3-BF4B-00C04F79EFBC}") = "gof_iterator", "gof_iterator\gof_iterator.csproj", "{6E63DCD7-A1D2-436D-A76E-DDBD4A8E15A9}"
EndProject
Project("{FAE04EC0-301F-11D3-BF4B-00C04F79EFBC}") = "gof_mediator", "gof_mediator\gof_mediator.csproj", "{F4068FE2-3CD1-4E36-9DFA-6E560965BAD1}"
EndProject
Project("{FAE04EC0-301F-11D3-BF4B-00C04F79EFBC}") = "gof_observer", "gof_observer\gof_observer.csproj", "{441EF140-F72A-4520-90C2-D82FDA913291}"
EndProject
Project("{FAE04EC0-301F-11D3-BF4B-00C04F79EFBC}") = "gof_interpreter", "gof_interpreter\gof_interpreter.csproj", "{AC7938D8-6CF7-4ED2-B483-29C018D96180}"
EndProject
Global
	GlobalSection(SolutionConfigurationPlatforms) = preSolution
		Debug|Any CPU = Debug|Any CPU
		Release|Any CPU = Release|Any CPU
	EndGlobalSection
	GlobalSection(ProjectConfigurationPlatforms) = postSolution
		{65C6BECB-A1F9-4390-B8A0-679C4DDEAAC8}.Debug|Any CPU.ActiveCfg = Debug|Any CPU
		{65C6BECB-A1F9-4390-B8A0-679C4DDEAAC8}.Debug|Any CPU.Build.0 = Debug|Any CPU
		{65C6BECB-A1F9-4390-B8A0-679C4DDEAAC8}.Release|Any CPU.ActiveCfg = Release|Any CPU
		{65C6BECB-A1F9-4390-B8A0-679C4DDEAAC8}.Release|Any CPU.Build.0 = Release|Any CPU
		{2A7023FA-A4D4-406F-BEB5-4AE492086431}.Debug|Any CPU.ActiveCfg = Debug|Any CPU
		{2A7023FA-A4D4-406F-BEB5-4AE492086431}.Debug|Any CPU.Build.0 = Debug|Any CPU
		{2A7023FA-A4D4-406F-BEB5-4AE492086431}.Release|Any CPU.ActiveCfg = Release|Any CPU
		{2A7023FA-A4D4-406F-BEB5-4AE492086431}.Release|Any CPU.Build.0 = Release|Any CPU
		{95E3EE97-1E86-4E00-99B6-D47E093C8D9D}.Debug|Any CPU.ActiveCfg = Debug|Any CPU
		{95E3EE97-1E86-4E00-99B6-D47E093C8D9D}.Debug|Any CPU.Build.0 = Debug|Any CPU
		{95E3EE97-1E86-4E00-99B6-D47E093C8D9D}.Release|Any CPU.ActiveCfg = Release|Any CPU
		{95E3EE97-1E86-4E00-99B6-D47E093C8D9D}.Release|Any CPU.Build.0 = Release|Any CPU
		{A13C0D10-62B2-4B0B-8D6A-23FC38B49EC5}.Debug|Any CPU.ActiveCfg = Debug|Any CPU
		{A13C0D10-62B2-4B0B-8D6A-23FC38B49EC5}.Debug|Any CPU.Build.0 = Debug|Any CPU
		{A13C0D10-62B2-4B0B-8D6A-23FC38B49EC5}.Release|Any CPU.ActiveCfg = Release|Any CPU
		{A13C0D10-62B2-4B0B-8D6A-23FC38B49EC5}.Release|Any CPU.Build.0 = Release|Any CPU
		{6E63DCD7-A1D2-436D-A76E-DDBD4A8E15A9}.Debug|Any CPU.ActiveCfg = Debug|Any CPU
		{6E63DCD7-A1D2-436D-A76E-DDBD4A8E15A9}.Debug|Any CPU.Build.0 = Debug|Any CPU
		{6E63DCD7-A1D2-436D-A76E-DDBD4A8E15A9}.Release|Any CPU.ActiveCfg = Release|Any CPU
		{6E63DCD7-A1D2-436D-A76E-DDBD4A8E15A9}.Release|Any CPU.Build.0 = Release|Any CPU
		{F4068FE2-3CD1-4E36-9DFA-6E560965BAD1}.Debug|Any CPU.ActiveCfg = Debug|Any CPU
		{F4068FE2-3CD1-4E36-9DFA-6E560965BAD1}.Debug|Any CPU.Build.0 = Debug|Any CPU
		{F4068FE2-3CD1-4E36-9DFA-6E560965BAD1}.Release|Any CPU.ActiveCfg = Release|Any CPU
		{F4068FE2-3CD1-4E36-9DFA-6E560965BAD1}.Release|Any CPU.Build.0 = Release|Any CPU
		{441EF140-F72A-4520-90C2-D82FDA913291}.Debug|Any CPU.ActiveCfg = Debug|Any CPU
		{441EF140-F72A-4520-90C2-D82FDA913291}.Debug|Any CPU.Build.0 = Debug|Any CPU
		{441EF140-F72A-4520-90C2-D82FDA913291}.Release|Any CPU.ActiveCfg = Release|Any CPU
		{441EF140-F72A-4520-90C2-D82FDA913291}.Release|Any CPU.Build.0 = Release|Any CPU
		{AC7938D8-6CF7-4ED2-B483-29C018D96180}.Debug|Any CPU.ActiveCfg = Debug|Any CPU
		{AC7938D8-6CF7-4ED2-B483-29C018D96180}.Debug|Any CPU.Build.0 = Debug|Any CPU
		{AC7938D8-6CF7-4ED2-B483-29C018D96180}.Release|Any CPU.ActiveCfg = Release|Any CPU
		{AC7938D8-6CF7-4ED2-B483-29C018D96180}.Release|Any CPU.Build.0 = Release|Any CPU
	EndGlobalSection
	GlobalSection(SolutionProperties) = preSolution
		HideSolutionNode = FALSE
	EndGlobalSection
	GlobalSection(ExtensibilityGlobals) = postSolution
		SolutionGuid = {B13D6BEB-C77D-4401-9356-CEDC709F96D6}
	EndGlobalSection
EndGlobal
